
Microsoft Visual Studio Solution File, Format Version 12.00
# Visual Studio Version 16
VisualStudioVersion = 16.0.30204.135
MinimumVisualStudioVersion = 10.0.40219.1
Project("{FAE04EC0-301F-11D3-BF4B-00C04F79EFBC}") = "BattleShipGame", "BattleShipGame\BattleShipGame.csproj", "{CA4EE65E-F53E-4375-BF38-D6AB661EC2FE}"
EndProject
Project("{FAE04EC0-301F-11D3-BF4B-00C04F79EFBC}") = "Test", "Test\Test.csproj", "{9135128A-C8E5-40EF-9BBF-067BD036FEA0}"
EndProject
Global
	GlobalSection(SolutionConfigurationPlatforms) = preSolution
		Debug|Any CPU = Debug|Any CPU
		Release|Any CPU = Release|Any CPU
	EndGlobalSection
	GlobalSection(ProjectConfigurationPlatforms) = postSolution
		{CA4EE65E-F53E-4375-BF38-D6AB661EC2FE}.Debug|Any CPU.ActiveCfg = Debug|Any CPU
		{CA4EE65E-F53E-4375-BF38-D6AB661EC2FE}.Debug|Any CPU.Build.0 = Debug|Any CPU
		{CA4EE65E-F53E-4375-BF38-D6AB661EC2FE}.Release|Any CPU.ActiveCfg = Release|Any CPU
		{CA4EE65E-F53E-4375-BF38-D6AB661EC2FE}.Release|Any CPU.Build.0 = Release|Any CPU
		{9135128A-C8E5-40EF-9BBF-067BD036FEA0}.Debug|Any CPU.ActiveCfg = Debug|Any CPU
		{9135128A-C8E5-40EF-9BBF-067BD036FEA0}.Debug|Any CPU.Build.0 = Debug|Any CPU
		{9135128A-C8E5-40EF-9BBF-067BD036FEA0}.Release|Any CPU.ActiveCfg = Release|Any CPU
		{9135128A-C8E5-40EF-9BBF-067BD036FEA0}.Release|Any CPU.Build.0 = Release|Any CPU
	EndGlobalSection
	GlobalSection(SolutionProperties) = preSolution
		HideSolutionNode = FALSE
	EndGlobalSection
	GlobalSection(ExtensibilityGlobals) = postSolution
		SolutionGuid = {712201A7-B3BE-42CB-A66A-51E857BE8299}
	EndGlobalSection
EndGlobal
